schema: '2.0'
stages:
  data_collection:
    cmd: python -m src.data.data_collection
    deps:
    - path: src/data/data_collection.py
      hash: md5
      md5: 69bc7e844ea8bf9e1456db531372a541
      size: 1890
    params:
      params.yaml:
        data_collection.test_size: 0.4
    outs:
    - path: data/raw
      hash: md5
      md5: ea78aed839ba0dbf33b1a2a6df9107b7.dir
      size: 522262
      nfiles: 2
  data_process:
    cmd: python -m src.data.data_processing
    deps:
    - path: data/raw
      hash: md5
      md5: ea78aed839ba0dbf33b1a2a6df9107b7.dir
      size: 522262
      nfiles: 2
    - path: src/data/data_processing.py
      hash: md5
      md5: d5dc4fa4ee43b5a0b106fa502a77ca6c
      size: 1339
    outs:
    - path: data/processed
      hash: md5
      md5: 7172b88127a9ce1aac462d2a0c9a4d37.dir
      size: 546285
      nfiles: 2
  model_build:
    cmd: python -m src.model.model_building
    deps:
    - path: data/processed
      hash: md5
      md5: 7172b88127a9ce1aac462d2a0c9a4d37.dir
      size: 546285
      nfiles: 2
    - path: src/data/data_collection.py
      hash: md5
      md5: 69bc7e844ea8bf9e1456db531372a541
      size: 1890
    - path: src/model/model_building.py
      hash: md5
      md5: 81e8da0d7513a523746ca3857534e4cd
      size: 1659
    params:
      params.yaml:
        model_building.n_estimators: 1000
    outs:
    - path: model.pkl
      hash: md5
      md5: fa5ef109b6aa9ecce412ace64710b589
      size: 88302148
  model_eval:
    cmd: python src/model/model_evaluation.py
    deps:
    - path: model.pkl
      hash: md5
      md5: fa5ef109b6aa9ecce412ace64710b589
      size: 88302148
    - path: src/model/model_evaluation.py
      hash: md5
      md5: 86da7cc3de53b0df74e18260fab6cf58
      size: 1295
    outs:
    - path: metrics.json
      hash: md5
      md5: 588370c0cf8b915c0c27d99f069a6c36
      size: 137
